
Microsoft Visual Studio Solution File, Format Version 12.00
# Visual Studio Version 17
VisualStudioVersion = 17.8.34525.116
MinimumVisualStudioVersion = 10.0.40219.1
Project("{FAE04EC0-301F-11D3-BF4B-00C04F79EFBC}") = "Concessionario", "Concessionario\Concessionario.csproj", "{19FC13D6-9D09-424E-ABEC-CEFB80BC98EE}"
EndProject
Global
	GlobalSection(SolutionConfigurationPlatforms) = preSolution
		Debug|Any CPU = Debug|Any CPU
		Release|Any CPU = Release|Any CPU
	EndGlobalSection
	GlobalSection(ProjectConfigurationPlatforms) = postSolution
		{19FC13D6-9D09-424E-ABEC-CEFB80BC98EE}.Debug|Any CPU.ActiveCfg = Debug|Any CPU
		{19FC13D6-9D09-424E-ABEC-CEFB80BC98EE}.Debug|Any CPU.Build.0 = Debug|Any CPU
		{19FC13D6-9D09-424E-ABEC-CEFB80BC98EE}.Release|Any CPU.ActiveCfg = Release|Any CPU
		{19FC13D6-9D09-424E-ABEC-CEFB80BC98EE}.Release|Any CPU.Build.0 = Release|Any CPU
	EndGlobalSection
	GlobalSection(SolutionProperties) = preSolution
		HideSolutionNode = FALSE
	EndGlobalSection
	GlobalSection(ExtensibilityGlobals) = postSolution
		SolutionGuid = {390DE0A1-EEB7-4A90-9A02-9F1AF7D9C31B}
	EndGlobalSection
EndGlobal
